{
  "version": 4,
  "terraform_version": "1.13.5",
  "serial": 3,
  "lineage": "8daed53d-7d1a-3971-ac90-86d26355a763",
  "outputs": {
    "instance_ocid": {
      "value": "ocid1.instance.oc15.ap-dcc-gazipur-1.ansgoljrjybxboqcmqbxbsij3vh3rofe7j3lufrs7c4igctswaz32swhq7aq",
      "type": "string"
    },
    "instance_public_ip": {
      "value": "131.186.50.134",
      "type": "string"
    }
  },
  "resources": [
    {
      "mode": "managed",
      "type": "oci_core_instance",
      "name": "my_instance",
      "provider": "provider[\"registry.terraform.io/hashicorp/oci\"]",
      "instances": [
        {
          "schema_version": 0,
          "attributes": {
            "agent_config": [
              {
                "are_all_plugins_disabled": false,
                "is_management_disabled": false,
                "is_monitoring_disabled": false,
                "plugins_config": []
              }
            ],
            "async": null,
            "availability_config": [
              {
                "is_live_migration_preferred": false,
                "recovery_action": "RESTORE_INSTANCE"
              }
            ],
            "availability_domain": "CtIH:ap-dcc-gazipur-1-ad-1",
            "boot_volume_id": "ocid1.bootvolume.oc15.ap-dcc-gazipur-1.absgoljr5nnh3m46ws5fld2kotgphp53a24bna2kf3zfmzanzk2nyxnqa4xa",
            "capacity_reservation_id": null,
            "cluster_placement_group_id": null,
            "compartment_id": "ocid1.compartment.oc15..aaaaaaaa35ot5aa3oaqwzws3ehbypudafr6al2pvz63uh5hgwpjy26amgbea",
            "compute_cluster_id": null,
            "create_vnic_details": [
              {
                "assign_ipv6ip": false,
                "assign_private_dns_record": false,
                "assign_public_ip": "true",
                "defined_tags": {
                  "Oracle-Tags.CreatedBy": "default/mazharul.islam@bdccl.gov.bd",
                  "Oracle-Tags.CreatedOn": "2025-11-13T09:41:04.128Z",
                  "a2i-namesp.CreatedBy": "default/mazharul.islam@bdccl.gov.bd",
                  "a2i-namesp.CreatedOn": "2025-11-13T09:41:04.128Z"
                },
                "display_name": "NewTerraformInstance",
                "freeform_tags": {},
                "hostname_label": "newterraforminstance",
                "ipv6address_ipv6subnet_cidr_pair_details": [],
                "nsg_ids": [],
                "private_ip": "10.0.0.2",
                "security_attributes": {},
                "skip_source_dest_check": false,
                "subnet_cidr": "",
                "subnet_id": "ocid1.subnet.oc15.ap-dcc-gazipur-1.aaaaaaaabnzh5l2zvvrt6vjcosrh5rp7utelplqot5bhrwuzsr3jysltsnua",
                "vlan_id": ""
              }
            ],
            "dedicated_vm_host_id": null,
            "defined_tags": {
              "Oracle-Tags.CreatedBy": "default/mazharul.islam@bdccl.gov.bd",
              "Oracle-Tags.CreatedOn": "2025-11-13T09:41:04.075Z",
              "a2i-namesp.CreatedBy": "default/mazharul.islam@bdccl.gov.bd",
              "a2i-namesp.CreatedOn": "2025-11-13T09:41:04.075Z"
            },
            "display_name": "NewTerraformInstance",
            "extended_metadata": {},
            "fault_domain": "FAULT-DOMAIN-3",
            "freeform_tags": {},
            "hostname_label": "newterraforminstance",
            "id": "ocid1.instance.oc15.ap-dcc-gazipur-1.ansgoljrjybxboqcmqbxbsij3vh3rofe7j3lufrs7c4igctswaz32swhq7aq",
            "image": "ocid1.image.oc15.ap-dcc-gazipur-1.aaaaaaaabx6w7rmzrdhzh7lgczqtk7nlgp2nnmycvw45dd65ngm3vct5ahqa",
            "instance_configuration_id": null,
            "instance_options": [
              {
                "are_legacy_imds_endpoints_disabled": false
              }
            ],
            "ipxe_script": null,
            "is_ai_enterprise_enabled": null,
            "is_cross_numa_node": false,
            "is_pv_encryption_in_transit_enabled": null,
            "launch_mode": "PARAVIRTUALIZED",
            "launch_options": [
              {
                "boot_volume_type": "PARAVIRTUALIZED",
                "firmware": "UEFI_64",
                "is_consistent_volume_naming_enabled": true,
                "is_pv_encryption_in_transit_enabled": false,
                "network_type": "PARAVIRTUALIZED",
                "remote_data_volume_type": "PARAVIRTUALIZED"
              }
            ],
            "launch_volume_attachments": null,
            "licensing_configs": [],
            "metadata": {
              "ssh_authorized_keys": "ssh-rsa AAAAB3NzaC1yc2EAAAADAQABAAABAQC9IpFjv4gM7NgRVxTg/ef3NqqYvQsK6Smqfw8+ay2rMNvoPK3uk/VFNVWwO9oMCYLmRmv4yjB8TISnsjHi9m5ZtfuvX5ZVmoi6nzDvUFfNCnvQ72LFD/3sAZE38Ga4VbxYGTUbec2jTTCel0Nr/zMZcyoXHVx9n730MjJi8GdHBTpZfwjaBWj8AELGYjAiJdSQpkSyos4Y6+axUormc5q6BPQJcPb/uag/S262L5uhdzbH3/MNbHSWteFZ45JwvZI6inrHV3myWX8lisIwuZONY+tM7JFONnavcBI7Hg8ixfxRoPn26mAGDZqVl3UKXUAEfpTu+RtuTgUGytVdtOmX ssh-key-2025-11-13"
            },
            "placement_constraint_details": [],
            "platform_config": [],
            "preemptible_instance_config": [],
            "preserve_boot_volume": null,
            "preserve_data_volumes_created_at_launch": null,
            "private_ip": "10.0.0.2",
            "public_ip": "131.186.50.134",
            "region": "ap-dcc-gazipur-1",
            "security_attributes": {},
            "security_attributes_state": "STABLE",
            "shape": "VM.Standard.E4.Flex",
            "shape_config": [
              {
                "baseline_ocpu_utilization": "",
                "gpu_description": "",
                "gpus": 0,
                "local_disk_description": "",
                "local_disks": 0,
                "local_disks_total_size_in_gbs": 0,
                "max_vnic_attachments": 2,
                "memory_in_gbs": 16,
                "networking_bandwidth_in_gbps": 2,
                "nvmes": 0,
                "ocpus": 2,
                "processor_description": "2.55 GHz AMD EPYC™ 7J13 (Milan)",
                "resource_management": "",
                "vcpus": 4
              }
            ],
            "source_details": [
              {
                "boot_volume_size_in_gbs": "47",
                "boot_volume_vpus_per_gb": "10",
                "instance_source_image_filter_details": [],
                "is_preserve_boot_volume_enabled": false,
                "kms_key_id": "",
                "source_id": "ocid1.image.oc15.ap-dcc-gazipur-1.aaaaaaaabx6w7rmzrdhzh7lgczqtk7nlgp2nnmycvw45dd65ngm3vct5ahqa",
                "source_type": "image"
              }
            ],
            "state": "RUNNING",
            "subnet_id": "ocid1.subnet.oc15.ap-dcc-gazipur-1.aaaaaaaabnzh5l2zvvrt6vjcosrh5rp7utelplqot5bhrwuzsr3jysltsnua",
            "system_tags": {},
            "time_created": "2025-11-13 09:41:04.287 +0000 UTC",
            "time_maintenance_reboot_due": "",
            "timeouts": null,
            "update_operation_constraint": null
          },
          "sensitive_attributes": [],
          "identity_schema_version": 0,
          "private": "eyJlMmJmYjczMC1lY2FhLTExZTYtOGY4OC0zNDM2M2JjN2M0YzAiOnsiY3JlYXRlIjoyNzAwMDAwMDAwMDAwLCJkZWxldGUiOjQ1MDAwMDAwMDAwMDAsInVwZGF0ZSI6MjcwMDAwMDAwMDAwMH19"
        }
      ]
    }
  ],
  "check_results": null
}
